
Microsoft Visual Studio Solution File, Format Version 12.00
# Visual Studio 15
VisualStudioVersion = 15.0.28307.168
MinimumVisualStudioVersion = 10.0.40219.1
Project("{FAE04EC0-301F-11D3-BF4B-00C04F79EFBC}") = "Q1", "CompTemplate\Q1.csproj", "{D0BC07EF-8A67-4F0D-BEBB-F303247E976F}"
EndProject
Global
	GlobalSection(SolutionConfigurationPlatforms) = preSolution
		Debug|Any CPU = Debug|Any CPU
		Release|Any CPU = Release|Any CPU
	EndGlobalSection
	GlobalSection(ProjectConfigurationPlatforms) = postSolution
		{D0BC07EF-8A67-4F0D-BEBB-F303247E976F}.Debug|Any CPU.ActiveCfg = Debug|Any CPU
		{D0BC07EF-8A67-4F0D-BEBB-F303247E976F}.Debug|Any CPU.Build.0 = Debug|Any CPU
		{D0BC07EF-8A67-4F0D-BEBB-F303247E976F}.Release|Any CPU.ActiveCfg = Release|Any CPU
		{D0BC07EF-8A67-4F0D-BEBB-F303247E976F}.Release|Any CPU.Build.0 = Release|Any CPU
	EndGlobalSection
	GlobalSection(SolutionProperties) = preSolution
		HideSolutionNode = FALSE
	EndGlobalSection
	GlobalSection(ExtensibilityGlobals) = postSolution
		SolutionGuid = {4FE6AB40-E319-4228-8BCB-C755D5BB52B3}
	EndGlobalSection
EndGlobal
